
Microsoft Visual Studio Solution File, Format Version 12.00
# Visual Studio Version 17
VisualStudioVersion = 17.11.35327.3
MinimumVisualStudioVersion = 10.0.40219.1
Project("{2150E333-8FDC-42A3-9474-1A3956D46DE8}") = "Services", "Services", "{53E87D66-DA6C-4BFC-A0B6-8D90B26C636B}"
	ProjectSection(SolutionItems) = preProject
		PortNumber.txt = PortNumber.txt
	EndProjectSection
EndProject
Project("{2150E333-8FDC-42A3-9474-1A3956D46DE8}") = "Catalog", "Catalog", "{FE75D7EA-8575-4F3D-BA8B-4A1A3C4B125C}"
EndProject
Project("{9A19103F-16F7-4668-BE54-9A1E7A4F7556}") = "MultiShop.Catalog", "Services\Catalog\MultiShop.Catalog\MultiShop.Catalog.csproj", "{B46471D2-7AD8-49A4-9B59-B814B96A85BB}"
EndProject
Project("{2150E333-8FDC-42A3-9474-1A3956D46DE8}") = "Discount", "Discount", "{87081189-CE53-4690-BB75-C37000D19AA2}"
EndProject
Project("{9A19103F-16F7-4668-BE54-9A1E7A4F7556}") = "MultiShop.Discount", "Services\Discount\MultiShop.Discount\MultiShop.Discount.csproj", "{72C36B6E-EBBC-41A4-BEA9-6892C5BCA43F}"
EndProject
Project("{2150E333-8FDC-42A3-9474-1A3956D46DE8}") = "Order", "Order", "{FDFBB8C5-85E2-412B-B88C-6A3DC39CB4BC}"
EndProject
Project("{2150E333-8FDC-42A3-9474-1A3956D46DE8}") = "Presentation", "Presentation", "{EB304963-07E4-431E-8B04-C05492FCDB7F}"
EndProject
Project("{2150E333-8FDC-42A3-9474-1A3956D46DE8}") = "Infrastructure", "Infrastructure", "{BDAEE3D3-666E-4179-B84F-6488ABF8B42B}"
EndProject
Project("{2150E333-8FDC-42A3-9474-1A3956D46DE8}") = "Core", "Core", "{40C120CC-C439-40AE-A6DD-57BFB59A23C8}"
EndProject
Project("{9A19103F-16F7-4668-BE54-9A1E7A4F7556}") = "MultiShop.Order.Domain", "Services\Order\Core\MultiShop.Order.Domain\MultiShop.Order.Domain.csproj", "{27DA94FB-C146-4AE8-B6A3-42CA5C26D087}"
EndProject
Project("{9A19103F-16F7-4668-BE54-9A1E7A4F7556}") = "MultiShop.Order.Application", "Service\Order\Core\MultiShop.Order.Application\MultiShop.Order.Application.csproj", "{64F3ADD5-2C84-4248-A5DE-369624CC33D4}"
EndProject
Project("{9A19103F-16F7-4668-BE54-9A1E7A4F7556}") = "MultiShop.Order.Persistence", "Services\Order\Infrastructure\MultiShop.Order.Persistence\MultiShop.Order.Persistence.csproj", "{B18F932F-162E-47A3-A7C8-C51355E9B93D}"
EndProject
Project("{9A19103F-16F7-4668-BE54-9A1E7A4F7556}") = "MultiShop.Order.WebApi", "Services\Order\Presentation\MultiShop.Order.WebApi\MultiShop.Order.WebApi.csproj", "{9AA33C2A-C7E8-4B8D-9372-882BA0655488}"
EndProject
Project("{2150E333-8FDC-42A3-9474-1A3956D46DE8}") = "IdentityServer", "IdentityServer", "{2B703840-4B5E-45B4-B54B-F2D3BFAA762B}"
EndProject
Project("{9A19103F-16F7-4668-BE54-9A1E7A4F7556}") = "MultiShop.IdentityServer", "IdentityServer\MultiShop.IdentityServer\MultiShop.IdentityServer.csproj", "{4D43F932-BADA-41F4-8E5C-5C10E170B2B0}"
EndProject
Project("{2150E333-8FDC-42A3-9474-1A3956D46DE8}") = "Cargo", "Cargo", "{3DAA18D0-8E82-4CDA-ACB2-8757051862E7}"
EndProject
Project("{FAE04EC0-301F-11D3-BF4B-00C04F79EFBC}") = "MultiShop.Cargo.BusinessLayer", "Services\Cargo\MultiShop.Cargo.BusinessLayer\MultiShop.Cargo.BusinessLayer.csproj", "{965CB82C-7D95-43D2-ACF4-2428AD84CAC8}"
EndProject
Project("{FAE04EC0-301F-11D3-BF4B-00C04F79EFBC}") = "MultiShop.Cargo.EntityLayer", "Services\Cargo\MultiShop.Cargo.EntityLayer\MultiShop.Cargo.EntityLayer.csproj", "{2C42B4B9-80B4-4F67-A5E0-709571DDDE05}"
EndProject
Project("{FAE04EC0-301F-11D3-BF4B-00C04F79EFBC}") = "MultiShop.Cargo.DataAccessLayer", "Services\Cargo\MultiShop.Cargo.DataAccessLayer\MultiShop.Cargo.DataAccessLayer.csproj", "{CABE564E-55F8-4D7E-8F4F-6D2822DA7E8A}"
EndProject
Project("{FAE04EC0-301F-11D3-BF4B-00C04F79EFBC}") = "MultiShop.Cargo.DtoLayer", "Services\Cargo\MultiShop.Cargo.DtoLayer\MultiShop.Cargo.DtoLayer.csproj", "{F66FB776-2BD4-4B31-A8DD-D79C16AECBF0}"
EndProject
Project("{FAE04EC0-301F-11D3-BF4B-00C04F79EFBC}") = "MultiShop.Cargo.WebApi", "Services\Cargo\MultiShop.Cargo.WebApi\MultiShop.Cargo.WebApi.csproj", "{1B557A9F-F229-459C-8097-9CDCA90D07B7}"
EndProject
Project("{2150E333-8FDC-42A3-9474-1A3956D46DE8}") = "Basket", "Basket", "{3EBF2FF8-9516-4294-93C2-43950B6F6625}"
EndProject
Project("{FAE04EC0-301F-11D3-BF4B-00C04F79EFBC}") = "MultiShop.Basket", "Services\Basket\MultiShop.Basket\MultiShop.Basket.csproj", "{B2460D87-CE2E-4B23-A1A2-58A6AD1656B8}"
EndProject
Project("{2150E333-8FDC-42A3-9474-1A3956D46DE8}") = "Frontends", "Frontends", "{479EEBB4-2FA0-4AA8-BA35-25B0A5B3E0E3}"
EndProject
Project("{FAE04EC0-301F-11D3-BF4B-00C04F79EFBC}") = "MultiShop.WebUI", "Frontends\MultiShop.WebUI\MultiShop.WebUI.csproj", "{08957581-9D8E-457F-93BF-22BAB2B6B512}"
EndProject
Project("{FAE04EC0-301F-11D3-BF4B-00C04F79EFBC}") = "MultiShop.DtoLayer", "Frontends\MultiShop.DtoLayer\MultiShop.DtoLayer.csproj", "{B84E321D-3984-464F-BDEE-45D53A67C951}"
EndProject
Project("{2150E333-8FDC-42A3-9474-1A3956D46DE8}") = "Comment", "Comment", "{73E84263-3A76-4AC3-83C3-2FC468DBFEF7}"
EndProject
Project("{FAE04EC0-301F-11D3-BF4B-00C04F79EFBC}") = "MultiShop.Comment", "Services\Comment\MultiShop.Comment\MultiShop.Comment.csproj", "{2E648B73-D27B-4460-B39F-525F75BED266}"
EndProject
Global
	GlobalSection(SolutionConfigurationPlatforms) = preSolution
		Debug|Any CPU = Debug|Any CPU
		Release|Any CPU = Release|Any CPU
	EndGlobalSection
	GlobalSection(ProjectConfigurationPlatforms) = postSolution
		{B46471D2-7AD8-49A4-9B59-B814B96A85BB}.Debug|Any CPU.ActiveCfg = Debug|Any CPU
		{B46471D2-7AD8-49A4-9B59-B814B96A85BB}.Debug|Any CPU.Build.0 = Debug|Any CPU
		{B46471D2-7AD8-49A4-9B59-B814B96A85BB}.Release|Any CPU.ActiveCfg = Release|Any CPU
		{B46471D2-7AD8-49A4-9B59-B814B96A85BB}.Release|Any CPU.Build.0 = Release|Any CPU
		{72C36B6E-EBBC-41A4-BEA9-6892C5BCA43F}.Debug|Any CPU.ActiveCfg = Debug|Any CPU
		{72C36B6E-EBBC-41A4-BEA9-6892C5BCA43F}.Debug|Any CPU.Build.0 = Debug|Any CPU
		{72C36B6E-EBBC-41A4-BEA9-6892C5BCA43F}.Release|Any CPU.ActiveCfg = Release|Any CPU
		{72C36B6E-EBBC-41A4-BEA9-6892C5BCA43F}.Release|Any CPU.Build.0 = Release|Any CPU
		{27DA94FB-C146-4AE8-B6A3-42CA5C26D087}.Debug|Any CPU.ActiveCfg = Debug|Any CPU
		{27DA94FB-C146-4AE8-B6A3-42CA5C26D087}.Debug|Any CPU.Build.0 = Debug|Any CPU
		{27DA94FB-C146-4AE8-B6A3-42CA5C26D087}.Release|Any CPU.ActiveCfg = Release|Any CPU
		{27DA94FB-C146-4AE8-B6A3-42CA5C26D087}.Release|Any CPU.Build.0 = Release|Any CPU
		{64F3ADD5-2C84-4248-A5DE-369624CC33D4}.Debug|Any CPU.ActiveCfg = Debug|Any CPU
		{64F3ADD5-2C84-4248-A5DE-369624CC33D4}.Debug|Any CPU.Build.0 = Debug|Any CPU
		{64F3ADD5-2C84-4248-A5DE-369624CC33D4}.Release|Any CPU.ActiveCfg = Release|Any CPU
		{64F3ADD5-2C84-4248-A5DE-369624CC33D4}.Release|Any CPU.Build.0 = Release|Any CPU
		{B18F932F-162E-47A3-A7C8-C51355E9B93D}.Debug|Any CPU.ActiveCfg = Debug|Any CPU
		{B18F932F-162E-47A3-A7C8-C51355E9B93D}.Debug|Any CPU.Build.0 = Debug|Any CPU
		{B18F932F-162E-47A3-A7C8-C51355E9B93D}.Release|Any CPU.ActiveCfg = Release|Any CPU
		{B18F932F-162E-47A3-A7C8-C51355E9B93D}.Release|Any CPU.Build.0 = Release|Any CPU
		{9AA33C2A-C7E8-4B8D-9372-882BA0655488}.Debug|Any CPU.ActiveCfg = Debug|Any CPU
		{9AA33C2A-C7E8-4B8D-9372-882BA0655488}.Debug|Any CPU.Build.0 = Debug|Any CPU
		{9AA33C2A-C7E8-4B8D-9372-882BA0655488}.Release|Any CPU.ActiveCfg = Release|Any CPU
		{9AA33C2A-C7E8-4B8D-9372-882BA0655488}.Release|Any CPU.Build.0 = Release|Any CPU
		{4D43F932-BADA-41F4-8E5C-5C10E170B2B0}.Debug|Any CPU.ActiveCfg = Debug|Any CPU
		{4D43F932-BADA-41F4-8E5C-5C10E170B2B0}.Debug|Any CPU.Build.0 = Debug|Any CPU
		{4D43F932-BADA-41F4-8E5C-5C10E170B2B0}.Release|Any CPU.ActiveCfg = Release|Any CPU
		{4D43F932-BADA-41F4-8E5C-5C10E170B2B0}.Release|Any CPU.Build.0 = Release|Any CPU
		{965CB82C-7D95-43D2-ACF4-2428AD84CAC8}.Debug|Any CPU.ActiveCfg = Debug|Any CPU
		{965CB82C-7D95-43D2-ACF4-2428AD84CAC8}.Debug|Any CPU.Build.0 = Debug|Any CPU
		{965CB82C-7D95-43D2-ACF4-2428AD84CAC8}.Release|Any CPU.ActiveCfg = Release|Any CPU
		{965CB82C-7D95-43D2-ACF4-2428AD84CAC8}.Release|Any CPU.Build.0 = Release|Any CPU
		{2C42B4B9-80B4-4F67-A5E0-709571DDDE05}.Debug|Any CPU.ActiveCfg = Debug|Any CPU
		{2C42B4B9-80B4-4F67-A5E0-709571DDDE05}.Debug|Any CPU.Build.0 = Debug|Any CPU
		{2C42B4B9-80B4-4F67-A5E0-709571DDDE05}.Release|Any CPU.ActiveCfg = Release|Any CPU
		{2C42B4B9-80B4-4F67-A5E0-709571DDDE05}.Release|Any CPU.Build.0 = Release|Any CPU
		{CABE564E-55F8-4D7E-8F4F-6D2822DA7E8A}.Debug|Any CPU.ActiveCfg = Debug|Any CPU
		{CABE564E-55F8-4D7E-8F4F-6D2822DA7E8A}.Debug|Any CPU.Build.0 = Debug|Any CPU
		{CABE564E-55F8-4D7E-8F4F-6D2822DA7E8A}.Release|Any CPU.ActiveCfg = Release|Any CPU
		{CABE564E-55F8-4D7E-8F4F-6D2822DA7E8A}.Release|Any CPU.Build.0 = Release|Any CPU
		{F66FB776-2BD4-4B31-A8DD-D79C16AECBF0}.Debug|Any CPU.ActiveCfg = Debug|Any CPU
		{F66FB776-2BD4-4B31-A8DD-D79C16AECBF0}.Debug|Any CPU.Build.0 = Debug|Any CPU
		{F66FB776-2BD4-4B31-A8DD-D79C16AECBF0}.Release|Any CPU.ActiveCfg = Release|Any CPU
		{F66FB776-2BD4-4B31-A8DD-D79C16AECBF0}.Release|Any CPU.Build.0 = Release|Any CPU
		{1B557A9F-F229-459C-8097-9CDCA90D07B7}.Debug|Any CPU.ActiveCfg = Debug|Any CPU
		{1B557A9F-F229-459C-8097-9CDCA90D07B7}.Debug|Any CPU.Build.0 = Debug|Any CPU
		{1B557A9F-F229-459C-8097-9CDCA90D07B7}.Release|Any CPU.ActiveCfg = Release|Any CPU
		{1B557A9F-F229-459C-8097-9CDCA90D07B7}.Release|Any CPU.Build.0 = Release|Any CPU
		{B2460D87-CE2E-4B23-A1A2-58A6AD1656B8}.Debug|Any CPU.ActiveCfg = Debug|Any CPU
		{B2460D87-CE2E-4B23-A1A2-58A6AD1656B8}.Debug|Any CPU.Build.0 = Debug|Any CPU
		{B2460D87-CE2E-4B23-A1A2-58A6AD1656B8}.Release|Any CPU.ActiveCfg = Release|Any CPU
		{B2460D87-CE2E-4B23-A1A2-58A6AD1656B8}.Release|Any CPU.Build.0 = Release|Any CPU
		{08957581-9D8E-457F-93BF-22BAB2B6B512}.Debug|Any CPU.ActiveCfg = Debug|Any CPU
		{08957581-9D8E-457F-93BF-22BAB2B6B512}.Debug|Any CPU.Build.0 = Debug|Any CPU
		{08957581-9D8E-457F-93BF-22BAB2B6B512}.Release|Any CPU.ActiveCfg = Release|Any CPU
		{08957581-9D8E-457F-93BF-22BAB2B6B512}.Release|Any CPU.Build.0 = Release|Any CPU
		{B84E321D-3984-464F-BDEE-45D53A67C951}.Debug|Any CPU.ActiveCfg = Debug|Any CPU
		{B84E321D-3984-464F-BDEE-45D53A67C951}.Debug|Any CPU.Build.0 = Debug|Any CPU
		{B84E321D-3984-464F-BDEE-45D53A67C951}.Release|Any CPU.ActiveCfg = Release|Any CPU
		{B84E321D-3984-464F-BDEE-45D53A67C951}.Release|Any CPU.Build.0 = Release|Any CPU
		{2E648B73-D27B-4460-B39F-525F75BED266}.Debug|Any CPU.ActiveCfg = Debug|Any CPU
		{2E648B73-D27B-4460-B39F-525F75BED266}.Debug|Any CPU.Build.0 = Debug|Any CPU
		{2E648B73-D27B-4460-B39F-525F75BED266}.Release|Any CPU.ActiveCfg = Release|Any CPU
		{2E648B73-D27B-4460-B39F-525F75BED266}.Release|Any CPU.Build.0 = Release|Any CPU
	EndGlobalSection
	GlobalSection(SolutionProperties) = preSolution
		HideSolutionNode = FALSE
	EndGlobalSection
	GlobalSection(NestedProjects) = preSolution
		{FE75D7EA-8575-4F3D-BA8B-4A1A3C4B125C} = {53E87D66-DA6C-4BFC-A0B6-8D90B26C636B}
		{B46471D2-7AD8-49A4-9B59-B814B96A85BB} = {FE75D7EA-8575-4F3D-BA8B-4A1A3C4B125C}
		{87081189-CE53-4690-BB75-C37000D19AA2} = {53E87D66-DA6C-4BFC-A0B6-8D90B26C636B}
		{72C36B6E-EBBC-41A4-BEA9-6892C5BCA43F} = {87081189-CE53-4690-BB75-C37000D19AA2}
		{FDFBB8C5-85E2-412B-B88C-6A3DC39CB4BC} = {53E87D66-DA6C-4BFC-A0B6-8D90B26C636B}
		{EB304963-07E4-431E-8B04-C05492FCDB7F} = {FDFBB8C5-85E2-412B-B88C-6A3DC39CB4BC}
		{BDAEE3D3-666E-4179-B84F-6488ABF8B42B} = {FDFBB8C5-85E2-412B-B88C-6A3DC39CB4BC}
		{40C120CC-C439-40AE-A6DD-57BFB59A23C8} = {FDFBB8C5-85E2-412B-B88C-6A3DC39CB4BC}
		{27DA94FB-C146-4AE8-B6A3-42CA5C26D087} = {40C120CC-C439-40AE-A6DD-57BFB59A23C8}
		{64F3ADD5-2C84-4248-A5DE-369624CC33D4} = {40C120CC-C439-40AE-A6DD-57BFB59A23C8}
		{B18F932F-162E-47A3-A7C8-C51355E9B93D} = {BDAEE3D3-666E-4179-B84F-6488ABF8B42B}
		{9AA33C2A-C7E8-4B8D-9372-882BA0655488} = {EB304963-07E4-431E-8B04-C05492FCDB7F}
		{4D43F932-BADA-41F4-8E5C-5C10E170B2B0} = {2B703840-4B5E-45B4-B54B-F2D3BFAA762B}
		{3DAA18D0-8E82-4CDA-ACB2-8757051862E7} = {53E87D66-DA6C-4BFC-A0B6-8D90B26C636B}
		{965CB82C-7D95-43D2-ACF4-2428AD84CAC8} = {3DAA18D0-8E82-4CDA-ACB2-8757051862E7}
		{2C42B4B9-80B4-4F67-A5E0-709571DDDE05} = {3DAA18D0-8E82-4CDA-ACB2-8757051862E7}
		{CABE564E-55F8-4D7E-8F4F-6D2822DA7E8A} = {3DAA18D0-8E82-4CDA-ACB2-8757051862E7}
		{F66FB776-2BD4-4B31-A8DD-D79C16AECBF0} = {3DAA18D0-8E82-4CDA-ACB2-8757051862E7}
		{1B557A9F-F229-459C-8097-9CDCA90D07B7} = {3DAA18D0-8E82-4CDA-ACB2-8757051862E7}
		{3EBF2FF8-9516-4294-93C2-43950B6F6625} = {53E87D66-DA6C-4BFC-A0B6-8D90B26C636B}
		{B2460D87-CE2E-4B23-A1A2-58A6AD1656B8} = {3EBF2FF8-9516-4294-93C2-43950B6F6625}
		{08957581-9D8E-457F-93BF-22BAB2B6B512} = {479EEBB4-2FA0-4AA8-BA35-25B0A5B3E0E3}
		{B84E321D-3984-464F-BDEE-45D53A67C951} = {479EEBB4-2FA0-4AA8-BA35-25B0A5B3E0E3}
		{73E84263-3A76-4AC3-83C3-2FC468DBFEF7} = {53E87D66-DA6C-4BFC-A0B6-8D90B26C636B}
		{2E648B73-D27B-4460-B39F-525F75BED266} = {73E84263-3A76-4AC3-83C3-2FC468DBFEF7}
	EndGlobalSection
	GlobalSection(ExtensibilityGlobals) = postSolution
		SolutionGuid = {B87D8348-AA95-4CAC-B24A-95AAAF2F2E44}
	EndGlobalSection
EndGlobal
