
Microsoft Visual Studio Solution File, Format Version 12.00
# Visual Studio Version 17
VisualStudioVersion = 17.11.35327.3
MinimumVisualStudioVersion = 10.0.40219.1
Project("{2150E333-8FDC-42A3-9474-1A3956D46DE8}") = "Services", "Services", "{53E87D66-DA6C-4BFC-A0B6-8D90B26C636B}"
	ProjectSection(SolutionItems) = preProject
		PortNumber.txt = PortNumber.txt
	EndProjectSection
EndProject
Project("{2150E333-8FDC-42A3-9474-1A3956D46DE8}") = "Catalog", "Catalog", "{FE75D7EA-8575-4F3D-BA8B-4A1A3C4B125C}"
EndProject
Project("{9A19103F-16F7-4668-BE54-9A1E7A4F7556}") = "MultiShop.Catalog", "Services\Catalog\MultiShop.Catalog\MultiShop.Catalog.csproj", "{B46471D2-7AD8-49A4-9B59-B814B96A85BB}"
EndProject
Project("{2150E333-8FDC-42A3-9474-1A3956D46DE8}") = "Discount", "Discount", "{87081189-CE53-4690-BB75-C37000D19AA2}"
EndProject
Project("{9A19103F-16F7-4668-BE54-9A1E7A4F7556}") = "MultiShop.Discount", "Services\Discount\MultiShop.Discount\MultiShop.Discount.csproj", "{72C36B6E-EBBC-41A4-BEA9-6892C5BCA43F}"
EndProject
Project("{2150E333-8FDC-42A3-9474-1A3956D46DE8}") = "Order", "Order", "{FDFBB8C5-85E2-412B-B88C-6A3DC39CB4BC}"
EndProject
Project("{2150E333-8FDC-42A3-9474-1A3956D46DE8}") = "Presentation", "Presentation", "{EB304963-07E4-431E-8B04-C05492FCDB7F}"
EndProject
Project("{2150E333-8FDC-42A3-9474-1A3956D46DE8}") = "Infrastructure", "Infrastructure", "{BDAEE3D3-666E-4179-B84F-6488ABF8B42B}"
EndProject
Project("{2150E333-8FDC-42A3-9474-1A3956D46DE8}") = "Core", "Core", "{40C120CC-C439-40AE-A6DD-57BFB59A23C8}"
EndProject
Project("{9A19103F-16F7-4668-BE54-9A1E7A4F7556}") = "MultiShop.Order.Domain", "Services\Order\Core\MultiShop.Order.Domain\MultiShop.Order.Domain.csproj", "{27DA94FB-C146-4AE8-B6A3-42CA5C26D087}"
EndProject
Project("{9A19103F-16F7-4668-BE54-9A1E7A4F7556}") = "MultiShop.Order.Application", "Service\Order\Core\MultiShop.Order.Application\MultiShop.Order.Application.csproj", "{64F3ADD5-2C84-4248-A5DE-369624CC33D4}"
EndProject
Project("{9A19103F-16F7-4668-BE54-9A1E7A4F7556}") = "MultiShop.Order.Persistence", "Services\Order\Infrastructure\MultiShop.Order.Persistence\MultiShop.Order.Persistence.csproj", "{B18F932F-162E-47A3-A7C8-C51355E9B93D}"
EndProject
Project("{9A19103F-16F7-4668-BE54-9A1E7A4F7556}") = "MultiShop.Order.WebApi", "Services\Order\Presentation\MultiShop.Order.WebApi\MultiShop.Order.WebApi.csproj", "{9AA33C2A-C7E8-4B8D-9372-882BA0655488}"
EndProject
Project("{2150E333-8FDC-42A3-9474-1A3956D46DE8}") = "IdentityServer", "IdentityServer", "{2B703840-4B5E-45B4-B54B-F2D3BFAA762B}"
EndProject
Project("{9A19103F-16F7-4668-BE54-9A1E7A4F7556}") = "MultiShop.IdentityServer", "IdentityServer\MultiShop.IdentityServer\MultiShop.IdentityServer.csproj", "{4D43F932-BADA-41F4-8E5C-5C10E170B2B0}"
EndProject
Global
	GlobalSection(SolutionConfigurationPlatforms) = preSolution
		Debug|Any CPU = Debug|Any CPU
		Release|Any CPU = Release|Any CPU
	EndGlobalSection
	GlobalSection(ProjectConfigurationPlatforms) = postSolution
		{B46471D2-7AD8-49A4-9B59-B814B96A85BB}.Debug|Any CPU.ActiveCfg = Debug|Any CPU
		{B46471D2-7AD8-49A4-9B59-B814B96A85BB}.Debug|Any CPU.Build.0 = Debug|Any CPU
		{B46471D2-7AD8-49A4-9B59-B814B96A85BB}.Release|Any CPU.ActiveCfg = Release|Any CPU
		{B46471D2-7AD8-49A4-9B59-B814B96A85BB}.Release|Any CPU.Build.0 = Release|Any CPU
		{72C36B6E-EBBC-41A4-BEA9-6892C5BCA43F}.Debug|Any CPU.ActiveCfg = Debug|Any CPU
		{72C36B6E-EBBC-41A4-BEA9-6892C5BCA43F}.Debug|Any CPU.Build.0 = Debug|Any CPU
		{72C36B6E-EBBC-41A4-BEA9-6892C5BCA43F}.Release|Any CPU.ActiveCfg = Release|Any CPU
		{72C36B6E-EBBC-41A4-BEA9-6892C5BCA43F}.Release|Any CPU.Build.0 = Release|Any CPU
		{27DA94FB-C146-4AE8-B6A3-42CA5C26D087}.Debug|Any CPU.ActiveCfg = Debug|Any CPU
		{27DA94FB-C146-4AE8-B6A3-42CA5C26D087}.Debug|Any CPU.Build.0 = Debug|Any CPU
		{27DA94FB-C146-4AE8-B6A3-42CA5C26D087}.Release|Any CPU.ActiveCfg = Release|Any CPU
		{27DA94FB-C146-4AE8-B6A3-42CA5C26D087}.Release|Any CPU.Build.0 = Release|Any CPU
		{64F3ADD5-2C84-4248-A5DE-369624CC33D4}.Debug|Any CPU.ActiveCfg = Debug|Any CPU
		{64F3ADD5-2C84-4248-A5DE-369624CC33D4}.Debug|Any CPU.Build.0 = Debug|Any CPU
		{64F3ADD5-2C84-4248-A5DE-369624CC33D4}.Release|Any CPU.ActiveCfg = Release|Any CPU
		{64F3ADD5-2C84-4248-A5DE-369624CC33D4}.Release|Any CPU.Build.0 = Release|Any CPU
		{B18F932F-162E-47A3-A7C8-C51355E9B93D}.Debug|Any CPU.ActiveCfg = Debug|Any CPU
		{B18F932F-162E-47A3-A7C8-C51355E9B93D}.Debug|Any CPU.Build.0 = Debug|Any CPU
		{B18F932F-162E-47A3-A7C8-C51355E9B93D}.Release|Any CPU.ActiveCfg = Release|Any CPU
		{B18F932F-162E-47A3-A7C8-C51355E9B93D}.Release|Any CPU.Build.0 = Release|Any CPU
		{9AA33C2A-C7E8-4B8D-9372-882BA0655488}.Debug|Any CPU.ActiveCfg = Debug|Any CPU
		{9AA33C2A-C7E8-4B8D-9372-882BA0655488}.Debug|Any CPU.Build.0 = Debug|Any CPU
		{9AA33C2A-C7E8-4B8D-9372-882BA0655488}.Release|Any CPU.ActiveCfg = Release|Any CPU
		{9AA33C2A-C7E8-4B8D-9372-882BA0655488}.Release|Any CPU.Build.0 = Release|Any CPU
		{4D43F932-BADA-41F4-8E5C-5C10E170B2B0}.Debug|Any CPU.ActiveCfg = Debug|Any CPU
		{4D43F932-BADA-41F4-8E5C-5C10E170B2B0}.Debug|Any CPU.Build.0 = Debug|Any CPU
		{4D43F932-BADA-41F4-8E5C-5C10E170B2B0}.Release|Any CPU.ActiveCfg = Release|Any CPU
		{4D43F932-BADA-41F4-8E5C-5C10E170B2B0}.Release|Any CPU.Build.0 = Release|Any CPU
	EndGlobalSection
	GlobalSection(SolutionProperties) = preSolution
		HideSolutionNode = FALSE
	EndGlobalSection
	GlobalSection(NestedProjects) = preSolution
		{FE75D7EA-8575-4F3D-BA8B-4A1A3C4B125C} = {53E87D66-DA6C-4BFC-A0B6-8D90B26C636B}
		{B46471D2-7AD8-49A4-9B59-B814B96A85BB} = {FE75D7EA-8575-4F3D-BA8B-4A1A3C4B125C}
		{87081189-CE53-4690-BB75-C37000D19AA2} = {53E87D66-DA6C-4BFC-A0B6-8D90B26C636B}
		{72C36B6E-EBBC-41A4-BEA9-6892C5BCA43F} = {87081189-CE53-4690-BB75-C37000D19AA2}
		{FDFBB8C5-85E2-412B-B88C-6A3DC39CB4BC} = {53E87D66-DA6C-4BFC-A0B6-8D90B26C636B}
		{EB304963-07E4-431E-8B04-C05492FCDB7F} = {FDFBB8C5-85E2-412B-B88C-6A3DC39CB4BC}
		{BDAEE3D3-666E-4179-B84F-6488ABF8B42B} = {FDFBB8C5-85E2-412B-B88C-6A3DC39CB4BC}
		{40C120CC-C439-40AE-A6DD-57BFB59A23C8} = {FDFBB8C5-85E2-412B-B88C-6A3DC39CB4BC}
		{27DA94FB-C146-4AE8-B6A3-42CA5C26D087} = {40C120CC-C439-40AE-A6DD-57BFB59A23C8}
		{64F3ADD5-2C84-4248-A5DE-369624CC33D4} = {40C120CC-C439-40AE-A6DD-57BFB59A23C8}
		{B18F932F-162E-47A3-A7C8-C51355E9B93D} = {BDAEE3D3-666E-4179-B84F-6488ABF8B42B}
		{9AA33C2A-C7E8-4B8D-9372-882BA0655488} = {EB304963-07E4-431E-8B04-C05492FCDB7F}
		{4D43F932-BADA-41F4-8E5C-5C10E170B2B0} = {2B703840-4B5E-45B4-B54B-F2D3BFAA762B}
	EndGlobalSection
	GlobalSection(ExtensibilityGlobals) = postSolution
		SolutionGuid = {B87D8348-AA95-4CAC-B24A-95AAAF2F2E44}
	EndGlobalSection
EndGlobal
